// !$*UTF8*$!
{
	archiveVersion = 1;
	classes = {
	};
	objectVersion = 50;
	objects = {

/* Begin PBXBuildFile section */
		960BDCF8247C5CEC00F335E3 /* AppDelegate.swift in Sources */ = {isa = PBXBuildFile; fileRef = 960BDCF7247C5CEC00F335E3 /* AppDelegate.swift */; };
		960BDCFA247C5CEC00F335E3 /* SceneDelegate.swift in Sources */ = {isa = PBXBuildFile; fileRef = 960BDCF9247C5CEC00F335E3 /* SceneDelegate.swift */; };
		960BDCFC247C5CEC00F335E3 /* ContentView.swift in Sources */ = {isa = PBXBuildFile; fileRef = 960BDCFB247C5CEC00F335E3 /* ContentView.swift */; };
		960BDCFE247C5CEE00F335E3 /* Assets.xcassets in Resources */ = {isa = PBXBuildFile; fileRef = 960BDCFD247C5CEE00F335E3 /* Assets.xcassets */; };
		960BDD01247C5CEE00F335E3 /* Preview Assets.xcassets in Resources */ = {isa = PBXBuildFile; fileRef = 960BDD00247C5CEE00F335E3 /* Preview Assets.xcassets */; };
		960BDD04247C5CEE00F335E3 /* LaunchScreen.storyboard in Resources */ = {isa = PBXBuildFile; fileRef = 960BDD02247C5CEE00F335E3 /* LaunchScreen.storyboard */; };
		960BDD0F247C5CEE00F335E3 /* peepMessageTests.swift in Sources */ = {isa = PBXBuildFile; fileRef = 960BDD0E247C5CEE00F335E3 /* peepMessageTests.swift */; };
		960BDD1A247C5CEE00F335E3 /* peepMessageUITests.swift in Sources */ = {isa = PBXBuildFile; fileRef = 960BDD19247C5CEE00F335E3 /* peepMessageUITests.swift */; };
		960BDD28247C5E6800F335E3 /* Users.swift in Sources */ = {isa = PBXBuildFile; fileRef = 960BDD27247C5E6800F335E3 /* Users.swift */; };
		960BDD2A247C6C6D00F335E3 /* UserMessage.swift in Sources */ = {isa = PBXBuildFile; fileRef = 960BDD29247C6C6D00F335E3 /* UserMessage.swift */; };
		960BDD2C247C756E00F335E3 /* EditUser.swift in Sources */ = {isa = PBXBuildFile; fileRef = 960BDD2B247C756E00F335E3 /* EditUser.swift */; };
		961D42D8247E9B08003594B7 /* MessageViewModel.swift in Sources */ = {isa = PBXBuildFile; fileRef = 961D42D7247E9B08003594B7 /* MessageViewModel.swift */; };
		96C5DB69247E2228005EDE76 /* UrMessage.swift in Sources */ = {isa = PBXBuildFile; fileRef = 96C5DB68247E2228005EDE76 /* UrMessage.swift */; };
/* End PBXBuildFile section */

/* Begin PBXContainerItemProxy section */
		960BDD0B247C5CEE00F335E3 /* PBXContainerItemProxy */ = {
			isa = PBXContainerItemProxy;
			containerPortal = 960BDCEC247C5CEC00F335E3 /* Project object */;
			proxyType = 1;
			remoteGlobalIDString = 960BDCF3247C5CEC00F335E3;
			remoteInfo = peepMessage;
		};
		960BDD16247C5CEE00F335E3 /* PBXContainerItemProxy */ = {
			isa = PBXContainerItemProxy;
			containerPortal = 960BDCEC247C5CEC00F335E3 /* Project object */;
			proxyType = 1;
			remoteGlobalIDString = 960BDCF3247C5CEC00F335E3;
			remoteInfo = peepMessage;
		};
/* End PBXContainerItemProxy section */

/* Begin PBXFileReference section */
		960BDCF4247C5CEC00F335E3 /* peepMessage.app */ = {isa = PBXFileReference; explicitFileType = wrapper.application; includeInIndex = 0; path = peepMessage.app; sourceTree = BUILT_PRODUCTS_DIR; };
		960BDCF7247C5CEC00F335E3 /* AppDelegate.swift */ = {isa = PBXFileReference; lastKnownFileType = sourcecode.swift; path = AppDelegate.swift; sourceTree = "<group>"; };
		960BDCF9247C5CEC00F335E3 /* SceneDelegate.swift */ = {isa = PBXFileReference; lastKnownFileType = sourcecode.swift; path = SceneDelegate.swift; sourceTree = "<group>"; };
		960BDCFB247C5CEC00F335E3 /* ContentView.swift */ = {isa = PBXFileReference; lastKnownFileType = sourcecode.swift; path = ContentView.swift; sourceTree = "<group>"; };
		960BDCFD247C5CEE00F335E3 /* Assets.xcassets */ = {isa = PBXFileReference; lastKnownFileType = folder.assetcatalog; path = Assets.xcassets; sourceTree = "<group>"; };
		960BDD00247C5CEE00F335E3 /* Preview Assets.xcassets */ = {isa = PBXFileReference; lastKnownFileType = folder.assetcatalog; path = "Preview Assets.xcassets"; sourceTree = "<group>"; };
		960BDD03247C5CEE00F335E3 /* Base */ = {isa = PBXFileReference; lastKnownFileType = file.storyboard; name = Base; path = Base.lproj/LaunchScreen.storyboard; sourceTree = "<group>"; };
		960BDD05247C5CEE00F335E3 /* Info.plist */ = {isa = PBXFileReference; lastKnownFileType = text.plist.xml; path = Info.plist; sourceTree = "<group>"; };
		960BDD0A247C5CEE00F335E3 /* peepMessageTests.xctest */ = {isa = PBXFileReference; explicitFileType = wrapper.cfbundle; includeInIndex = 0; path = peepMessageTests.xctest; sourceTree = BUILT_PRODUCTS_DIR; };
		960BDD0E247C5CEE00F335E3 /* peepMessageTests.swift */ = {isa = PBXFileReference; lastKnownFileType = sourcecode.swift; path = peepMessageTests.swift; sourceTree = "<group>"; };
		960BDD10247C5CEE00F335E3 /* Info.plist */ = {isa = PBXFileReference; lastKnownFileType = text.plist.xml; path = Info.plist; sourceTree = "<group>"; };
		960BDD15247C5CEE00F335E3 /* peepMessageUITests.xctest */ = {isa = PBXFileReference; explicitFileType = wrapper.cfbundle; includeInIndex = 0; path = peepMessageUITests.xctest; sourceTree = BUILT_PRODUCTS_DIR; };
		960BDD19247C5CEE00F335E3 /* peepMessageUITests.swift */ = {isa = PBXFileReference; lastKnownFileType = sourcecode.swift; path = peepMessageUITests.swift; sourceTree = "<group>"; };
		960BDD1B247C5CEE00F335E3 /* Info.plist */ = {isa = PBXFileReference; lastKnownFileType = text.plist.xml; path = Info.plist; sourceTree = "<group>"; };
		960BDD27247C5E6800F335E3 /* Users.swift */ = {isa = PBXFileReference; lastKnownFileType = sourcecode.swift; path = Users.swift; sourceTree = "<group>"; };
		960BDD29247C6C6D00F335E3 /* UserMessage.swift */ = {isa = PBXFileReference; lastKnownFileType = sourcecode.swift; path = UserMessage.swift; sourceTree = "<group>"; };
		960BDD2B247C756E00F335E3 /* EditUser.swift */ = {isa = PBXFileReference; lastKnownFileType = sourcecode.swift; path = EditUser.swift; sourceTree = "<group>"; };
		961D42D7247E9B08003594B7 /* MessageViewModel.swift */ = {isa = PBXFileReference; lastKnownFileType = sourcecode.swift; path = MessageViewModel.swift; sourceTree = "<group>"; };
		96C5DB68247E2228005EDE76 /* UrMessage.swift */ = {isa = PBXFileReference; lastKnownFileType = sourcecode.swift; path = UrMessage.swift; sourceTree = "<group>"; };
/* End PBXFileReference section */

/* Begin PBXFrameworksBuildPhase section */
		960BDCF1247C5CEC00F335E3 /* Frameworks */ = {
			isa = PBXFrameworksBuildPhase;
			buildActionMask = 2147483647;
			files = (
			);
			runOnlyForDeploymentPostprocessing = 0;
		};
		960BDD07247C5CEE00F335E3 /* Frameworks */ = {
			isa = PBXFrameworksBuildPhase;
			buildActionMask = 2147483647;
			files = (
			);
			runOnlyForDeploymentPostprocessing = 0;
		};
		960BDD12247C5CEE00F335E3 /* Frameworks */ = {
			isa = PBXFrameworksBuildPhase;
			buildActionMask = 2147483647;
			files = (
			);
			runOnlyForDeploymentPostprocessing = 0;
		};
/* End PBXFrameworksBuildPhase section */

/* Begin PBXGroup section */
		960BDCEB247C5CEC00F335E3 = {
			isa = PBXGroup;
			children = (
				960BDCF6247C5CEC00F335E3 /* peepMessage */,
				960BDD0D247C5CEE00F335E3 /* peepMessageTests */,
				960BDD18247C5CEE00F335E3 /* peepMessageUITests */,
				960BDCF5247C5CEC00F335E3 /* Products */,
			);
			sourceTree = "<group>";
		};
		960BDCF5247C5CEC00F335E3 /* Products */ = {
			isa = PBXGroup;
			children = (
				960BDCF4247C5CEC00F335E3 /* peepMessage.app */,
				960BDD0A247C5CEE00F335E3 /* peepMessageTests.xctest */,
				960BDD15247C5CEE00F335E3 /* peepMessageUITests.xctest */,
			);
			name = Products;
			sourceTree = "<group>";
		};
		960BDCF6247C5CEC00F335E3 /* peepMessage */ = {
			isa = PBXGroup;
			children = (
				960BDCF7247C5CEC00F335E3 /* AppDelegate.swift */,
				960BDCF9247C5CEC00F335E3 /* SceneDelegate.swift */,
				960BDCFB247C5CEC00F335E3 /* ContentView.swift */,
				960BDD29247C6C6D00F335E3 /* UserMessage.swift */,
				96C5DB68247E2228005EDE76 /* UrMessage.swift */,
				960BDD2B247C756E00F335E3 /* EditUser.swift */,
				960BDD27247C5E6800F335E3 /* Users.swift */,
				960BDCFD247C5CEE00F335E3 /* Assets.xcassets */,
				960BDD02247C5CEE00F335E3 /* LaunchScreen.storyboard */,
				960BDD05247C5CEE00F335E3 /* Info.plist */,
				960BDCFF247C5CEE00F335E3 /* Preview Content */,
				961D42D7247E9B08003594B7 /* MessageViewModel.swift */,
			);
			path = peepMessage;
			sourceTree = "<group>";
		};
		960BDCFF247C5CEE00F335E3 /* Preview Content */ = {
			isa = PBXGroup;
			children = (
				960BDD00247C5CEE00F335E3 /* Preview Assets.xcassets */,
			);
			path = "Preview Content";
			sourceTree = "<group>";
		};
		960BDD0D247C5CEE00F335E3 /* peepMessageTests */ = {
			isa = PBXGroup;
			children = (
				960BDD0E247C5CEE00F335E3 /* peepMessageTests.swift */,
				960BDD10247C5CEE00F335E3 /* Info.plist */,
			);
			path = peepMessageTests;
			sourceTree = "<group>";
		};
		960BDD18247C5CEE00F335E3 /* peepMessageUITests */ = {
			isa = PBXGroup;
			children = (
				960BDD19247C5CEE00F335E3 /* peepMessageUITests.swift */,
				960BDD1B247C5CEE00F335E3 /* Info.plist */,
			);
			path = peepMessageUITests;
			sourceTree = "<group>";
		};
/* End PBXGroup section */

/* Begin PBXNativeTarget section */
		960BDCF3247C5CEC00F335E3 /* peepMessage */ = {
			isa = PBXNativeTarget;
			buildConfigurationList = 960BDD1E247C5CEE00F335E3 /* Build configuration list for PBXNativeTarget "peepMessage" */;
			buildPhases = (
				960BDCF0247C5CEC00F335E3 /* Sources */,
				960BDCF1247C5CEC00F335E3 /* Frameworks */,
				960BDCF2247C5CEC00F335E3 /* Resources */,
			);
			buildRules = (
			);
			dependencies = (
			);
			name = peepMessage;
			productName = peepMessage;
			productReference = 960BDCF4247C5CEC00F335E3 /* peepMessage.app */;
			productType = "com.apple.product-type.application";
		};
		960BDD09247C5CEE00F335E3 /* peepMessageTests */ = {
			isa = PBXNativeTarget;
			buildConfigurationList = 960BDD21247C5CEE00F335E3 /* Build configuration list for PBXNativeTarget "peepMessageTests" */;
			buildPhases = (
				960BDD06247C5CEE00F335E3 /* Sources */,
				960BDD07247C5CEE00F335E3 /* Frameworks */,
				960BDD08247C5CEE00F335E3 /* Resources */,
			);
			buildRules = (
			);
			dependencies = (
				960BDD0C247C5CEE00F335E3 /* PBXTargetDependency */,
			);
			name = peepMessageTests;
			productName = peepMessageTests;
			productReference = 960BDD0A247C5CEE00F335E3 /* peepMessageTests.xctest */;
			productType = "com.apple.product-type.bundle.unit-test";
		};
		960BDD14247C5CEE00F335E3 /* peepMessageUITests */ = {
			isa = PBXNativeTarget;
			buildConfigurationList = 960BDD24247C5CEE00F335E3 /* Build configuration list for PBXNativeTarget "peepMessageUITests" */;
			buildPhases = (
				960BDD11247C5CEE00F335E3 /* Sources */,
				960BDD12247C5CEE00F335E3 /* Frameworks */,
				960BDD13247C5CEE00F335E3 /* Resources */,
			);
			buildRules = (
			);
			dependencies = (
				960BDD17247C5CEE00F335E3 /* PBXTargetDependency */,
			);
			name = peepMessageUITests;
			productName = peepMessageUITests;
			productReference = 960BDD15247C5CEE00F335E3 /* peepMessageUITests.xctest */;
			productType = "com.apple.product-type.bundle.ui-testing";
		};
/* End PBXNativeTarget section */

/* Begin PBXProject section */
		960BDCEC247C5CEC00F335E3 /* Project object */ = {
			isa = PBXProject;
			attributes = {
				LastSwiftUpdateCheck = 1150;
				LastUpgradeCheck = 1150;
				ORGANIZATIONNAME = Home;
				TargetAttributes = {
					960BDCF3247C5CEC00F335E3 = {
						CreatedOnToolsVersion = 11.5;
					};
					960BDD09247C5CEE00F335E3 = {
						CreatedOnToolsVersion = 11.5;
						TestTargetID = 960BDCF3247C5CEC00F335E3;
					};
					960BDD14247C5CEE00F335E3 = {
						CreatedOnToolsVersion = 11.5;
						TestTargetID = 960BDCF3247C5CEC00F335E3;
					};
				};
			};
			buildConfigurationList = 960BDCEF247C5CEC00F335E3 /* Build configuration list for PBXProject "peepMessage" */;
			compatibilityVersion = "Xcode 9.3";
			developmentRegion = en;
			hasScannedForEncodings = 0;
			knownRegions = (
				en,
				Base,
			);
			mainGroup = 960BDCEB247C5CEC00F335E3;
			productRefGroup = 960BDCF5247C5CEC00F335E3 /* Products */;
			projectDirPath = "";
			projectRoot = "";
			targets = (
				960BDCF3247C5CEC00F335E3 /* peepMessage */,
				960BDD09247C5CEE00F335E3 /* peepMessageTests */,
				960BDD14247C5CEE00F335E3 /* peepMessageUITests */,
			);
		};
/* End PBXProject section */

/* Begin PBXResourcesBuildPhase section */
		960BDCF2247C5CEC00F335E3 /* Resources */ = {
			isa = PBXResourcesBuildPhase;
			buildActionMask = 2147483647;
			files = (
				960BDD04247C5CEE00F335E3 /* LaunchScreen.storyboard in Resources */,
				960BDD01247C5CEE00F335E3 /* Preview Assets.xcassets in Resources */,
				960BDCFE247C5CEE00F335E3 /* Assets.xcassets in Resources */,
			);
			runOnlyForDeploymentPostprocessing = 0;
		};
		960BDD08247C5CEE00F335E3 /* Resources */ = {
			isa = PBXResourcesBuildPhase;
			buildActionMask = 2147483647;
			files = (
			);
			runOnlyForDeploymentPostprocessing = 0;
		};
		960BDD13247C5CEE00F335E3 /* Resources */ = {
			isa = PBXResourcesBuildPhase;
			buildActionMask = 2147483647;
			files = (
			);
			runOnlyForDeploymentPostprocessing = 0;
		};
/* End PBXResourcesBuildPhase section */

/* Begin PBXSourcesBuildPhase section */
		960BDCF0247C5CEC00F335E3 /* Sources */ = {
			isa = PBXSourcesBuildPhase;
			buildActionMask = 2147483647;
			files = (
				96C5DB69247E2228005EDE76 /* UrMessage.swift in Sources */,
				960BDD28247C5E6800F335E3 /* Users.swift in Sources */,
				961D42D8247E9B08003594B7 /* MessageViewModel.swift in Sources */,
				960BDD2A247C6C6D00F335E3 /* UserMessage.swift in Sources */,
				960BDCF8247C5CEC00F335E3 /* AppDelegate.swift in Sources */,
				960BDCFA247C5CEC00F335E3 /* SceneDelegate.swift in Sources */,
				960BDD2C247C756E00F335E3 /* EditUser.swift in Sources */,
				960BDCFC247C5CEC00F335E3 /* ContentView.swift in Sources */,
			);
			runOnlyForDeploymentPostprocessing = 0;
		};
		960BDD06247C5CEE00F335E3 /* Sources */ = {
			isa = PBXSourcesBuildPhase;
			buildActionMask = 2147483647;
			files = (
				960BDD0F247C5CEE00F335E3 /* peepMessageTests.swift in Sources */,
			);
			runOnlyForDeploymentPostprocessing = 0;
		};
		960BDD11247C5CEE00F335E3 /* Sources */ = {
			isa = PBXSourcesBuildPhase;
			buildActionMask = 2147483647;
			files = (
				960BDD1A247C5CEE00F335E3 /* peepMessageUITests.swift in Sources */,
			);
			runOnlyForDeploymentPostprocessing = 0;
		};
/* End PBXSourcesBuildPhase section */

/* Begin PBXTargetDependency section */
		960BDD0C247C5CEE00F335E3 /* PBXTargetDependency */ = {
			isa = PBXTargetDependency;
			target = 960BDCF3247C5CEC00F335E3 /* peepMessage */;
			targetProxy = 960BDD0B247C5CEE00F335E3 /* PBXContainerItemProxy */;
		};
		960BDD17247C5CEE00F335E3 /* PBXTargetDependency */ = {
			isa = PBXTargetDependency;
			target = 960BDCF3247C5CEC00F335E3 /* peepMessage */;
			targetProxy = 960BDD16247C5CEE00F335E3 /* PBXContainerItemProxy */;
		};
/* End PBXTargetDependency section */

/* Begin PBXVariantGroup section */
		960BDD02247C5CEE00F335E3 /* LaunchScreen.storyboard */ = {
			isa = PBXVariantGroup;
			children = (
				960BDD03247C5CEE00F335E3 /* Base */,
			);
			name = LaunchScreen.storyboard;
			sourceTree = "<group>";
		};
/* End PBXVariantGroup section */

/* Begin XCBuildConfiguration section */
		960BDD1C247C5CEE00F335E3 /* Debug */ = {
			isa = XCBuildConfiguration;
			buildSettings = {
				ALWAYS_SEARCH_USER_PATHS = NO;
				CLANG_ANALYZER_NONNULL = YES;
				CLANG_ANALYZER_NUMBER_OBJECT_CONVERSION = YES_AGGRESSIVE;
				CLANG_CXX_LANGUAGE_STANDARD = "gnu++14";
				CLANG_CXX_LIBRARY = "libc++";
				CLANG_ENABLE_MODULES = YES;
				CLANG_ENABLE_OBJC_ARC = YES;
				CLANG_ENABLE_OBJC_WEAK = YES;
				CLANG_WARN_BLOCK_CAPTURE_AUTORELEASING = YES;
				CLANG_WARN_BOOL_CONVERSION = YES;
				CLANG_WARN_COMMA = YES;
				CLANG_WARN_CONSTANT_CONVERSION = YES;
				CLANG_WARN_DEPRECATED_OBJC_IMPLEMENTATIONS = YES;
				CLANG_WARN_DIRECT_OBJC_ISA_USAGE = YES_ERROR;
				CLANG_WARN_DOCUMENTATION_COMMENTS = YES;
				CLANG_WARN_EMPTY_BODY = YES;
				CLANG_WARN_ENUM_CONVERSION = YES;
				CLANG_WARN_INFINITE_RECURSION = YES;
				CLANG_WARN_INT_CONVERSION = YES;
				CLANG_WARN_NON_LITERAL_NULL_CONVERSION = YES;
				CLANG_WARN_OBJC_IMPLICIT_RETAIN_SELF = YES;
				CLANG_WARN_OBJC_LITERAL_CONVERSION = YES;
				CLANG_WARN_OBJC_ROOT_CLASS = YES_ERROR;
				CLANG_WARN_RANGE_LOOP_ANALYSIS = YES;
				CLANG_WARN_STRICT_PROTOTYPES = YES;
				CLANG_WARN_SUSPICIOUS_MOVE = YES;
				CLANG_WARN_UNGUARDED_AVAILABILITY = YES_AGGRESSIVE;
				CLANG_WARN_UNREACHABLE_CODE = YES;
				CLANG_WARN__DUPLICATE_METHOD_MATCH = YES;
				COPY_PHASE_STRIP = NO;
				DEBUG_INFORMATION_FORMAT = dwarf;
				ENABLE_STRICT_OBJC_MSGSEND = YES;
				ENABLE_TESTABILITY = YES;
				GCC_C_LANGUAGE_STANDARD = gnu11;
				GCC_DYNAMIC_NO_PIC = NO;
				GCC_NO_COMMON_BLOCKS = YES;
				GCC_OPTIMIZATION_LEVEL = 0;
				GCC_PREPROCESSOR_DEFINITIONS = (
					"DEBUG=1",
					"$(inherited)",
				);
				GCC_WARN_64_TO_32_BIT_CONVERSION = YES;
				GCC_WARN_ABOUT_RETURN_TYPE = YES_ERROR;
				GCC_WARN_UNDECLARED_SELECTOR = YES;
				GCC_WARN_UNINITIALIZED_AUTOS = YES_AGGRESSIVE;
				GCC_WARN_UNUSED_FUNCTION = YES;
				GCC_WARN_UNUSED_VARIABLE = YES;
				IPHONEOS_DEPLOYMENT_TARGET = 13.5;
				MTL_ENABLE_DEBUG_INFO = INCLUDE_SOURCE;
				MTL_FAST_MATH = YES;
				ONLY_ACTIVE_ARCH = YES;
				SDKROOT = iphoneos;
				SWIFT_ACTIVE_COMPILATION_CONDITIONS = DEBUG;
				SWIFT_OPTIMIZATION_LEVEL = "-Onone";
			};
			name = Debug;
		};
		960BDD1D247C5CEE00F335E3 /* Release */ = {
			isa = XCBuildConfiguration;
			buildSettings = {
				ALWAYS_SEARCH_USER_PATHS = NO;
				CLANG_ANALYZER_NONNULL = YES;
				CLANG_ANALYZER_NUMBER_OBJECT_CONVERSION = YES_AGGRESSIVE;
				CLANG_CXX_LANGUAGE_STANDARD = "gnu++14";
				CLANG_CXX_LIBRARY = "libc++";
				CLANG_ENABLE_MODULES = YES;
				CLANG_ENABLE_OBJC_ARC = YES;
				CLANG_ENABLE_OBJC_WEAK = YES;
				CLANG_WARN_BLOCK_CAPTURE_AUTORELEASING = YES;
				CLANG_WARN_BOOL_CONVERSION = YES;
				CLANG_WARN_COMMA = YES;
				CLANG_WARN_CONSTANT_CONVERSION = YES;
				CLANG_WARN_DEPRECATED_OBJC_IMPLEMENTATIONS = YES;
				CLANG_WARN_DIRECT_OBJC_ISA_USAGE = YES_ERROR;
				CLANG_WARN_DOCUMENTATION_COMMENTS = YES;
				CLANG_WARN_EMPTY_BODY = YES;
				CLANG_WARN_ENUM_CONVERSION = YES;
				CLANG_WARN_INFINITE_RECURSION = YES;
				CLANG_WARN_INT_CONVERSION = YES;
				CLANG_WARN_NON_LITERAL_NULL_CONVERSION = YES;
				CLANG_WARN_OBJC_IMPLICIT_RETAIN_SELF = YES;
				CLANG_WARN_OBJC_LITERAL_CONVERSION = YES;
				CLANG_WARN_OBJC_ROOT_CLASS = YES_ERROR;
				CLANG_WARN_RANGE_LOOP_ANALYSIS = YES;
				CLANG_WARN_STRICT_PROTOTYPES = YES;
				CLANG_WARN_SUSPICIOUS_MOVE = YES;
				CLANG_WARN_UNGUARDED_AVAILABILITY = YES_AGGRESSIVE;
				CLANG_WARN_UNREACHABLE_CODE = YES;
				CLANG_WARN__DUPLICATE_METHOD_MATCH = YES;
				COPY_PHASE_STRIP = NO;
				DEBUG_INFORMATION_FORMAT = "dwarf-with-dsym";
				ENABLE_NS_ASSERTIONS = NO;
				ENABLE_STRICT_OBJC_MSGSEND = YES;
				GCC_C_LANGUAGE_STANDARD = gnu11;
				GCC_NO_COMMON_BLOCKS = YES;
				GCC_WARN_64_TO_32_BIT_CONVERSION = YES;
				GCC_WARN_ABOUT_RETURN_TYPE = YES_ERROR;
				GCC_WARN_UNDECLARED_SELECTOR = YES;
				GCC_WARN_UNINITIALIZED_AUTOS = YES_AGGRESSIVE;
				GCC_WARN_UNUSED_FUNCTION = YES;
				GCC_WARN_UNUSED_VARIABLE = YES;
				IPHONEOS_DEPLOYMENT_TARGET = 13.5;
				MTL_ENABLE_DEBUG_INFO = NO;
				MTL_FAST_MATH = YES;
				SDKROOT = iphoneos;
				SWIFT_COMPILATION_MODE = wholemodule;
				SWIFT_OPTIMIZATION_LEVEL = "-O";
				VALIDATE_PRODUCT = YES;
			};
			name = Release;
		};
		960BDD1F247C5CEE00F335E3 /* Debug */ = {
			isa = XCBuildConfiguration;
			buildSettings = {
				ASSETCATALOG_COMPILER_APPICON_NAME = AppIcon;
				CODE_SIGN_STYLE = Automatic;
				DEVELOPMENT_ASSET_PATHS = "\"peepMessage/Preview Content\"";
				DEVELOPMENT_TEAM = 5PXM46LJJF;
				ENABLE_PREVIEWS = YES;
				INFOPLIST_FILE = peepMessage/Info.plist;
				LD_RUNPATH_SEARCH_PATHS = (
					"$(inherited)",
					"@executable_path/Frameworks",
				);
				PRODUCT_BUNDLE_IDENTIFIER = PQR.peepMessage;
				PRODUCT_NAME = "$(TARGET_NAME)";
				SWIFT_VERSION = 5.0;
				TARGETED_DEVICE_FAMILY = 1;
			};
			name = Debug;
		};
		960BDD20247C5CEE00F335E3 /* Release */ = {
			isa = XCBuildConfiguration;
			buildSettings = {
				ASSETCATALOG_COMPILER_APPICON_NAME = AppIcon;
				CODE_SIGN_STYLE = Automatic;
				DEVELOPMENT_ASSET_PATHS = "\"peepMessage/Preview Content\"";
				DEVELOPMENT_TEAM = 5PXM46LJJF;
				ENABLE_PREVIEWS = YES;
				INFOPLIST_FILE = peepMessage/Info.plist;
				LD_RUNPATH_SEARCH_PATHS = (
					"$(inherited)",
					"@executable_path/Frameworks",
				);
				PRODUCT_BUNDLE_IDENTIFIER = PQR.peepMessage;
				PRODUCT_NAME = "$(TARGET_NAME)";
				SWIFT_VERSION = 5.0;
				TARGETED_DEVICE_FAMILY = 1;
			};
			name = Release;
		};
		960BDD22247C5CEE00F335E3 /* Debug */ = {
			isa = XCBuildConfiguration;
			buildSettings = {
				ALWAYS_EMBED_SWIFT_STANDARD_LIBRARIES = YES;
				BUNDLE_LOADER = "$(TEST_HOST)";
				CODE_SIGN_STYLE = Automatic;
				DEVELOPMENT_TEAM = 5PXM46LJJF;
				INFOPLIST_FILE = peepMessageTests/Info.plist;
				IPHONEOS_DEPLOYMENT_TARGET = 13.5;
				LD_RUNPATH_SEARCH_PATHS = (
					"$(inherited)",
					"@executable_path/Frameworks",
					"@loader_path/Frameworks",
				);
				PRODUCT_BUNDLE_IDENTIFIER = PQR.peepMessageTests;
				PRODUCT_NAME = "$(TARGET_NAME)";
				SWIFT_VERSION = 5.0;
				TARGETED_DEVICE_FAMILY = "1,2";
				TEST_HOST = "$(BUILT_PRODUCTS_DIR)/peepMessage.app/peepMessage";
			};
			name = Debug;
		};
		960BDD23247C5CEE00F335E3 /* Release */ = {
			isa = XCBuildConfiguration;
			buildSettings = {
				ALWAYS_EMBED_SWIFT_STANDARD_LIBRARIES = YES;
				BUNDLE_LOADER = "$(TEST_HOST)";
				CODE_SIGN_STYLE = Automatic;
				DEVELOPMENT_TEAM = 5PXM46LJJF;
				INFOPLIST_FILE = peepMessageTests/Info.plist;
				IPHONEOS_DEPLOYMENT_TARGET = 13.5;
				LD_RUNPATH_SEARCH_PATHS = (
					"$(inherited)",
					"@executable_path/Frameworks",
					"@loader_path/Frameworks",
				);
				PRODUCT_BUNDLE_IDENTIFIER = PQR.peepMessageTests;
				PRODUCT_NAME = "$(TARGET_NAME)";
				SWIFT_VERSION = 5.0;
				TARGETED_DEVICE_FAMILY = "1,2";
				TEST_HOST = "$(BUILT_PRODUCTS_DIR)/peepMessage.app/peepMessage";
			};
			name = Release;
		};
		960BDD25247C5CEE00F335E3 /* Debug */ = {
			isa = XCBuildConfiguration;
			buildSettings = {
				ALWAYS_EMBED_SWIFT_STANDARD_LIBRARIES = YES;
				CODE_SIGN_STYLE = Automatic;
				DEVELOPMENT_TEAM = 5PXM46LJJF;
				INFOPLIST_FILE = peepMessageUITests/Info.plist;
				LD_RUNPATH_SEARCH_PATHS = (
					"$(inherited)",
					"@executable_path/Frameworks",
					"@loader_path/Frameworks",
				);
				PRODUCT_BUNDLE_IDENTIFIER = PQR.peepMessageUITests;
				PRODUCT_NAME = "$(TARGET_NAME)";
				SWIFT_VERSION = 5.0;
				TARGETED_DEVICE_FAMILY = "1,2";
				TEST_TARGET_NAME = peepMessage;
			};
			name = Debug;
		};
		960BDD26247C5CEE00F335E3 /* Release */ = {
			isa = XCBuildConfiguration;
			buildSettings = {
				ALWAYS_EMBED_SWIFT_STANDARD_LIBRARIES = YES;
				CODE_SIGN_STYLE = Automatic;
				DEVELOPMENT_TEAM = 5PXM46LJJF;
				INFOPLIST_FILE = peepMessageUITests/Info.plist;
				LD_RUNPATH_SEARCH_PATHS = (
					"$(inherited)",
					"@executable_path/Frameworks",
					"@loader_path/Frameworks",
				);
				PRODUCT_BUNDLE_IDENTIFIER = PQR.peepMessageUITests;
				PRODUCT_NAME = "$(TARGET_NAME)";
				SWIFT_VERSION = 5.0;
				TARGETED_DEVICE_FAMILY = "1,2";
				TEST_TARGET_NAME = peepMessage;
			};
			name = Release;
		};
/* End XCBuildConfiguration section */

/* Begin XCConfigurationList section */
		960BDCEF247C5CEC00F335E3 /* Build configuration list for PBXProject "peepMessage" */ = {
			isa = XCConfigurationList;
			buildConfigurations = (
				960BDD1C247C5CEE00F335E3 /* Debug */,
				960BDD1D247C5CEE00F335E3 /* Release */,
			);
			defaultConfigurationIsVisible = 0;
			defaultConfigurationName = Release;
		};
		960BDD1E247C5CEE00F335E3 /* Build configuration list for PBXNativeTarget "peepMessage" */ = {
			isa = XCConfigurationList;
			buildConfigurations = (
				960BDD1F247C5CEE00F335E3 /* Debug */,
				960BDD20247C5CEE00F335E3 /* Release */,
			);
			defaultConfigurationIsVisible = 0;
			defaultConfigurationName = Release;
		};
		960BDD21247C5CEE00F335E3 /* Build configuration list for PBXNativeTarget "peepMessageTests" */ = {
			isa = XCConfigurationList;
			buildConfigurations = (
				960BDD22247C5CEE00F335E3 /* Debug */,
				960BDD23247C5CEE00F335E3 /* Release */,
			);
			defaultConfigurationIsVisible = 0;
			defaultConfigurationName = Release;
		};
		960BDD24247C5CEE00F335E3 /* Build configuration list for PBXNativeTarget "peepMessageUITests" */ = {
			isa = XCConfigurationList;
			buildConfigurations = (
				960BDD25247C5CEE00F335E3 /* Debug */,
				960BDD26247C5CEE00F335E3 /* Release */,
			);
			defaultConfigurationIsVisible = 0;
			defaultConfigurationName = Release;
		};
/* End XCConfigurationList section */
	};
	rootObject = 960BDCEC247C5CEC00F335E3 /* Project object */;
}
